
Microsoft Visual Studio Solution File, Format Version 12.00
# Visual Studio Version 17
VisualStudioVersion = 17.11.35222.181
MinimumVisualStudioVersion = 10.0.40219.1
Project("{FAE04EC0-301F-11D3-BF4B-00C04F79EFBC}") = "Week8FunctionToReturnARandomElement", "Week8FunctionToReturnARandomElement\Week8FunctionToReturnARandomElement.csproj", "{34EE36A1-6067-4A2C-80ED-2EA6BAB662CC}"
EndProject
Global
	GlobalSection(SolutionConfigurationPlatforms) = preSolution
		Debug|Any CPU = Debug|Any CPU
		Release|Any CPU = Release|Any CPU
	EndGlobalSection
	GlobalSection(ProjectConfigurationPlatforms) = postSolution
		{34EE36A1-6067-4A2C-80ED-2EA6BAB662CC}.Debug|Any CPU.ActiveCfg = Debug|Any CPU
		{34EE36A1-6067-4A2C-80ED-2EA6BAB662CC}.Debug|Any CPU.Build.0 = Debug|Any CPU
		{34EE36A1-6067-4A2C-80ED-2EA6BAB662CC}.Release|Any CPU.ActiveCfg = Release|Any CPU
		{34EE36A1-6067-4A2C-80ED-2EA6BAB662CC}.Release|Any CPU.Build.0 = Release|Any CPU
	EndGlobalSection
	GlobalSection(SolutionProperties) = preSolution
		HideSolutionNode = FALSE
	EndGlobalSection
	GlobalSection(ExtensibilityGlobals) = postSolution
		SolutionGuid = {D627BA04-7F73-48D2-A564-AD943A48937C}
	EndGlobalSection
EndGlobal
